
Microsoft Visual Studio Solution File, Format Version 12.00
# Visual Studio Version 17
VisualStudioVersion = 17.9.34701.34
MinimumVisualStudioVersion = 10.0.40219.1
Project("{FAE04EC0-301F-11D3-BF4B-00C04F79EFBC}") = "ApiGateway", "ApiGateway\ApiGateway.csproj", "{BB2B9791-8E59-48F4-B3AA-0AC7D0CBAAA5}"
EndProject
Global
	GlobalSection(SolutionConfigurationPlatforms) = preSolution
		Debug|Any CPU = Debug|Any CPU
		Release|Any CPU = Release|Any CPU
	EndGlobalSection
	GlobalSection(ProjectConfigurationPlatforms) = postSolution
		{BB2B9791-8E59-48F4-B3AA-0AC7D0CBAAA5}.Debug|Any CPU.ActiveCfg = Debug|Any CPU
		{BB2B9791-8E59-48F4-B3AA-0AC7D0CBAAA5}.Debug|Any CPU.Build.0 = Debug|Any CPU
		{BB2B9791-8E59-48F4-B3AA-0AC7D0CBAAA5}.Release|Any CPU.ActiveCfg = Release|Any CPU
		{BB2B9791-8E59-48F4-B3AA-0AC7D0CBAAA5}.Release|Any CPU.Build.0 = Release|Any CPU
	EndGlobalSection
	GlobalSection(SolutionProperties) = preSolution
		HideSolutionNode = FALSE
	EndGlobalSection
	GlobalSection(ExtensibilityGlobals) = postSolution
		SolutionGuid = {2466FA31-804C-4A93-96D7-82D980DE8AD6}
	EndGlobalSection
EndGlobal
