
Microsoft Visual Studio Solution File, Format Version 12.00
# Visual Studio Version 17
VisualStudioVersion = 17.9.34701.34
MinimumVisualStudioVersion = 10.0.40219.1
Project("{9A19103F-16F7-4668-BE54-9A1E7A4F7556}") = "OrderService.API", "OrderService.API\OrderService.API.csproj", "{FD632093-50CE-43E6-BB21-5B19A3C1C8B3}"
EndProject
Project("{9A19103F-16F7-4668-BE54-9A1E7A4F7556}") = "OrderService.Application", "OrderService.Application\OrderService.Application.csproj", "{AA9409D6-6A06-4D3E-80A8-264A7CFEB0E5}"
EndProject
Project("{9A19103F-16F7-4668-BE54-9A1E7A4F7556}") = "OrderService.Domain", "OrderService.Domain\OrderService.Domain.csproj", "{222EF1AB-8F12-4DE2-B1DB-EAE66C3DD92E}"
EndProject
Project("{9A19103F-16F7-4668-BE54-9A1E7A4F7556}") = "OrderService.Infrastructure", "OrderService.Infrastructure\OrderService.Infrastructure.csproj", "{DC8D222F-A98B-4829-9443-A116DD150BBC}"
EndProject
Project("{FAE04EC0-301F-11D3-BF4B-00C04F79EFBC}") = "OrderService.Tests", "OrderService.Tests\OrderService.Tests.csproj", "{C97A5256-0E18-4A78-B27D-2D6D8A94BDD1}"
EndProject
Global
	GlobalSection(SolutionConfigurationPlatforms) = preSolution
		Debug|Any CPU = Debug|Any CPU
		Release|Any CPU = Release|Any CPU
	EndGlobalSection
	GlobalSection(ProjectConfigurationPlatforms) = postSolution
		{FD632093-50CE-43E6-BB21-5B19A3C1C8B3}.Debug|Any CPU.ActiveCfg = Debug|Any CPU
		{FD632093-50CE-43E6-BB21-5B19A3C1C8B3}.Debug|Any CPU.Build.0 = Debug|Any CPU
		{FD632093-50CE-43E6-BB21-5B19A3C1C8B3}.Release|Any CPU.ActiveCfg = Release|Any CPU
		{FD632093-50CE-43E6-BB21-5B19A3C1C8B3}.Release|Any CPU.Build.0 = Release|Any CPU
		{AA9409D6-6A06-4D3E-80A8-264A7CFEB0E5}.Debug|Any CPU.ActiveCfg = Debug|Any CPU
		{AA9409D6-6A06-4D3E-80A8-264A7CFEB0E5}.Debug|Any CPU.Build.0 = Debug|Any CPU
		{AA9409D6-6A06-4D3E-80A8-264A7CFEB0E5}.Release|Any CPU.ActiveCfg = Release|Any CPU
		{AA9409D6-6A06-4D3E-80A8-264A7CFEB0E5}.Release|Any CPU.Build.0 = Release|Any CPU
		{222EF1AB-8F12-4DE2-B1DB-EAE66C3DD92E}.Debug|Any CPU.ActiveCfg = Debug|Any CPU
		{222EF1AB-8F12-4DE2-B1DB-EAE66C3DD92E}.Debug|Any CPU.Build.0 = Debug|Any CPU
		{222EF1AB-8F12-4DE2-B1DB-EAE66C3DD92E}.Release|Any CPU.ActiveCfg = Release|Any CPU
		{222EF1AB-8F12-4DE2-B1DB-EAE66C3DD92E}.Release|Any CPU.Build.0 = Release|Any CPU
		{DC8D222F-A98B-4829-9443-A116DD150BBC}.Debug|Any CPU.ActiveCfg = Debug|Any CPU
		{DC8D222F-A98B-4829-9443-A116DD150BBC}.Debug|Any CPU.Build.0 = Debug|Any CPU
		{DC8D222F-A98B-4829-9443-A116DD150BBC}.Release|Any CPU.ActiveCfg = Release|Any CPU
		{DC8D222F-A98B-4829-9443-A116DD150BBC}.Release|Any CPU.Build.0 = Release|Any CPU
		{C97A5256-0E18-4A78-B27D-2D6D8A94BDD1}.Debug|Any CPU.ActiveCfg = Debug|Any CPU
		{C97A5256-0E18-4A78-B27D-2D6D8A94BDD1}.Debug|Any CPU.Build.0 = Debug|Any CPU
		{C97A5256-0E18-4A78-B27D-2D6D8A94BDD1}.Release|Any CPU.ActiveCfg = Release|Any CPU
		{C97A5256-0E18-4A78-B27D-2D6D8A94BDD1}.Release|Any CPU.Build.0 = Release|Any CPU
	EndGlobalSection
	GlobalSection(SolutionProperties) = preSolution
		HideSolutionNode = FALSE
	EndGlobalSection
	GlobalSection(ExtensibilityGlobals) = postSolution
		SolutionGuid = {03512432-5758-4957-8CE0-23D1DD360AFD}
	EndGlobalSection
EndGlobal
