
Microsoft Visual Studio Solution File, Format Version 12.00
# Visual Studio Version 17
VisualStudioVersion = 17.9.34701.34
MinimumVisualStudioVersion = 10.0.40219.1
Project("{9A19103F-16F7-4668-BE54-9A1E7A4F7556}") = "UserService.API", "UserService.API\UserService.API.csproj", "{8B0BF8A7-2BF9-4267-8E26-8D1FD118B523}"
EndProject
Project("{9A19103F-16F7-4668-BE54-9A1E7A4F7556}") = "UserService.Application", "UserService.Application\UserService.Application.csproj", "{AF9DCBCE-B8D3-474B-89C4-3DB07CDD30EA}"
EndProject
Project("{9A19103F-16F7-4668-BE54-9A1E7A4F7556}") = "UserService.Infrastructure", "UserService.Infrastructure\UserService.Infrastructure.csproj", "{A61ED789-8DE7-4C51-97EA-8A356DC00227}"
EndProject
Global
	GlobalSection(SolutionConfigurationPlatforms) = preSolution
		Debug|Any CPU = Debug|Any CPU
		Release|Any CPU = Release|Any CPU
	EndGlobalSection
	GlobalSection(ProjectConfigurationPlatforms) = postSolution
		{8B0BF8A7-2BF9-4267-8E26-8D1FD118B523}.Debug|Any CPU.ActiveCfg = Debug|Any CPU
		{8B0BF8A7-2BF9-4267-8E26-8D1FD118B523}.Debug|Any CPU.Build.0 = Debug|Any CPU
		{8B0BF8A7-2BF9-4267-8E26-8D1FD118B523}.Release|Any CPU.ActiveCfg = Release|Any CPU
		{8B0BF8A7-2BF9-4267-8E26-8D1FD118B523}.Release|Any CPU.Build.0 = Release|Any CPU
		{AF9DCBCE-B8D3-474B-89C4-3DB07CDD30EA}.Debug|Any CPU.ActiveCfg = Debug|Any CPU
		{AF9DCBCE-B8D3-474B-89C4-3DB07CDD30EA}.Debug|Any CPU.Build.0 = Debug|Any CPU
		{AF9DCBCE-B8D3-474B-89C4-3DB07CDD30EA}.Release|Any CPU.ActiveCfg = Release|Any CPU
		{AF9DCBCE-B8D3-474B-89C4-3DB07CDD30EA}.Release|Any CPU.Build.0 = Release|Any CPU
		{A61ED789-8DE7-4C51-97EA-8A356DC00227}.Debug|Any CPU.ActiveCfg = Debug|Any CPU
		{A61ED789-8DE7-4C51-97EA-8A356DC00227}.Debug|Any CPU.Build.0 = Debug|Any CPU
		{A61ED789-8DE7-4C51-97EA-8A356DC00227}.Release|Any CPU.ActiveCfg = Release|Any CPU
		{A61ED789-8DE7-4C51-97EA-8A356DC00227}.Release|Any CPU.Build.0 = Release|Any CPU
	EndGlobalSection
	GlobalSection(SolutionProperties) = preSolution
		HideSolutionNode = FALSE
	EndGlobalSection
	GlobalSection(ExtensibilityGlobals) = postSolution
		SolutionGuid = {1664088B-1175-48D1-8909-9D7A555C8446}
	EndGlobalSection
EndGlobal
